
Microsoft Visual Studio Solution File, Format Version 12.00
# Visual Studio Version 16
VisualStudioVersion = 16.0.30413.136
MinimumVisualStudioVersion = 10.0.40219.1
Project("{888888A0-9F3D-457C-B088-3A5042F75D52}") = "Fixed_Poin_Interation", "Fixed_Poin_Interation\Fixed_Poin_Interation.pyproj", "{7D8A3287-FD37-4A25-BD9A-8930681B97B5}"
EndProject
Global
	GlobalSection(SolutionConfigurationPlatforms) = preSolution
		Debug|Any CPU = Debug|Any CPU
		Release|Any CPU = Release|Any CPU
	EndGlobalSection
	GlobalSection(ProjectConfigurationPlatforms) = postSolution
		{7D8A3287-FD37-4A25-BD9A-8930681B97B5}.Debug|Any CPU.ActiveCfg = Debug|Any CPU
		{7D8A3287-FD37-4A25-BD9A-8930681B97B5}.Release|Any CPU.ActiveCfg = Release|Any CPU
	EndGlobalSection
	GlobalSection(SolutionProperties) = preSolution
		HideSolutionNode = FALSE
	EndGlobalSection
	GlobalSection(ExtensibilityGlobals) = postSolution
		SolutionGuid = {D88DD31F-3FA1-4E46-B372-B5C578AC2E4C}
	EndGlobalSection
EndGlobal
